{
  "version": 4,
  "terraform_version": "1.3.4",
  "serial": 6,
  "lineage": "ba5fbcc3-8af8-4ab2-2755-fe38f8887ed4",
  "outputs": {
    "name": {
      "value": [
        {
          "id": "smoothly-prompt-calf",
          "keepers": null,
          "length": 3,
          "prefix": null,
          "separator": "-"
        }
      ],
      "type": [
        "tuple",
        [
          [
            "object",
            {
              "id": "string",
              "keepers": [
                "map",
                "string"
              ],
              "length": "number",
              "prefix": "string",
              "separator": "string"
            }
          ]
        ]
      ]
    },
    "uuid": {
      "value": [
        "a0dfc964-071c-1cb5-6c38-7cf1832be2b9"
      ],
      "type": [
        "tuple",
        [
          "string"
        ]
      ]
    },
    "vending_machine_projects": {
      "value": [
        {
          "Department": "Development",
          "Deployment ID": "1700135742",
          "Description": "Development Full Stack",
          "Environment": "DEV",
          "Product Stack": "DEV-3",
          "Purpose": "Full Stack"
        }
      ],
      "type": [
        "tuple",
        [
          [
            "object",
            {
              "Department": "string",
              "Deployment ID": "string",
              "Description": "string",
              "Environment": "string",
              "Product Stack": "string",
              "Purpose": "string"
            }
          ]
        ]
      ]
    },
    "vending_machine_workspaces": {
      "value": [
        {
          "agent_pool_id": "",
          "allow_destroy_plan": true,
          "assessments_enabled": false,
          "auto_apply": false,
          "description": "Development Full Stack",
          "execution_mode": "remote",
          "file_triggers_enabled": true,
          "force_delete": false,
          "global_remote_state": false,
          "id": "ws-mgKgmtbVjNnwCZi3",
          "name": "smoothly-prompt-calf",
          "operations": true,
          "organization": "axelzuberorg",
          "project_id": "prj-GgU1pUCRnYmPSNF8",
          "queue_all_runs": true,
          "remote_state_consumer_ids": [],
          "speculative_enabled": true,
          "ssh_key_id": "",
          "structured_run_output_enabled": true,
          "tag_names": [
            "1700135742",
            "dev",
            "dev-3",
            "development"
          ],
          "terraform_version": "1.6.4",
          "trigger_patterns": [],
          "trigger_prefixes": [],
          "vcs_repo": [],
          "working_directory": ""
        }
      ],
      "type": [
        "tuple",
        [
          [
            "object",
            {
              "agent_pool_id": "string",
              "allow_destroy_plan": "bool",
              "assessments_enabled": "bool",
              "auto_apply": "bool",
              "description": "string",
              "execution_mode": "string",
              "file_triggers_enabled": "bool",
              "force_delete": "bool",
              "global_remote_state": "bool",
              "id": "string",
              "name": "string",
              "operations": "bool",
              "organization": "string",
              "project_id": "string",
              "queue_all_runs": "bool",
              "remote_state_consumer_ids": [
                "set",
                "string"
              ],
              "speculative_enabled": "bool",
              "ssh_key_id": "string",
              "structured_run_output_enabled": "bool",
              "tag_names": [
                "set",
                "string"
              ],
              "terraform_version": "string",
              "trigger_patterns": [
                "list",
                "string"
              ],
              "trigger_prefixes": [
                "list",
                "string"
              ],
              "vcs_repo": [
                "list",
                [
                  "object",
                  {
                    "branch": "string",
                    "identifier": "string",
                    "ingress_submodules": "bool",
                    "oauth_token_id": "string",
                    "tags_regex": "string"
                  }
                ]
              ],
              "working_directory": "string"
            }
          ]
        ]
      ]
    }
  },
  "resources": [
    {
      "mode": "data",
      "type": "tfe_organization",
      "name": "org",
      "provider": "provider[\"registry.terraform.io/hashicorp/tfe\"]",
      "instances": [
        {
          "schema_version": 0,
          "attributes": {
            "assessments_enforced": false,
            "collaborator_auth_policy": "password",
            "cost_estimation_enabled": true,
            "default_project_id": "prj-gkdzMfcxynmTDEnH",
            "email": "axel.zuber@db.com",
            "external_id": "org-VYPftvfAvLYPvUtC",
            "id": "org-VYPftvfAvLYPvUtC",
            "name": "axelzuberorg",
            "owners_team_saml_role_id": "",
            "send_passing_statuses_for_untriggered_speculative_plans": false,
            "two_factor_conformant": false
          },
          "sensitive_attributes": []
        }
      ]
    },
    {
      "mode": "managed",
      "type": "random_pet",
      "name": "pet",
      "provider": "provider[\"registry.terraform.io/hashicorp/random\"]",
      "instances": [
        {
          "index_key": 0,
          "schema_version": 0,
          "attributes": {
            "id": "smoothly-prompt-calf",
            "keepers": null,
            "length": 3,
            "prefix": null,
            "separator": "-"
          },
          "sensitive_attributes": []
        }
      ]
    },
    {
      "mode": "managed",
      "type": "random_uuid",
      "name": "id",
      "provider": "provider[\"registry.terraform.io/hashicorp/random\"]",
      "instances": [
        {
          "index_key": 0,
          "schema_version": 0,
          "attributes": {
            "id": "a0dfc964-071c-1cb5-6c38-7cf1832be2b9",
            "keepers": null,
            "result": "a0dfc964-071c-1cb5-6c38-7cf1832be2b9"
          },
          "sensitive_attributes": []
        }
      ]
    },
    {
      "mode": "managed",
      "type": "tfe_project",
      "name": "hashicat",
      "provider": "provider[\"registry.terraform.io/hashicorp/tfe\"]",
      "instances": [
        {
          "schema_version": 0,
          "attributes": {
            "id": "prj-GgU1pUCRnYmPSNF8",
            "name": "Vending_Macheen",
            "organization": "axelzuberorg"
          },
          "sensitive_attributes": [],
          "private": "bnVsbA==",
          "dependencies": [
            "data.tfe_organization.org"
          ]
        }
      ]
    },
    {
      "mode": "managed",
      "type": "tfe_workspace",
      "name": "hashicat",
      "provider": "provider[\"registry.terraform.io/hashicorp/tfe\"]",
      "instances": [
        {
          "index_key": 0,
          "schema_version": 1,
          "attributes": {
            "agent_pool_id": "",
            "allow_destroy_plan": true,
            "assessments_enabled": false,
            "auto_apply": false,
            "description": "Development Full Stack",
            "execution_mode": "remote",
            "file_triggers_enabled": true,
            "force_delete": false,
            "global_remote_state": false,
            "id": "ws-mgKgmtbVjNnwCZi3",
            "name": "smoothly-prompt-calf",
            "operations": true,
            "organization": "axelzuberorg",
            "project_id": "prj-GgU1pUCRnYmPSNF8",
            "queue_all_runs": true,
            "remote_state_consumer_ids": [],
            "speculative_enabled": true,
            "ssh_key_id": "",
            "structured_run_output_enabled": true,
            "tag_names": [
              "1700135742",
              "dev",
              "dev-3",
              "development"
            ],
            "terraform_version": "1.6.4",
            "trigger_patterns": [],
            "trigger_prefixes": [],
            "vcs_repo": [],
            "working_directory": ""
          },
          "sensitive_attributes": [],
          "private": "eyJzY2hlbWFfdmVyc2lvbiI6IjEifQ==",
          "dependencies": [
            "data.tfe_organization.org",
            "random_pet.pet",
            "tfe_project.hashicat"
          ]
        }
      ]
    }
  ],
  "check_results": null
}
