{
  "version": 4,
  "terraform_version": "1.3.4",
  "serial": 29,
  "lineage": "865b9842-db5f-1492-0b5c-8b77e73a50ad",
  "outputs": {},
  "resources": [
    {
      "mode": "data",
      "type": "tfe_organization",
      "name": "org",
      "provider": "provider[\"registry.terraform.io/hashicorp/tfe\"]",
      "instances": [
        {
          "schema_version": 0,
          "attributes": {
            "assessments_enforced": false,
            "collaborator_auth_policy": "password",
            "cost_estimation_enabled": true,
            "email": "axel.zuber@db.com",
            "external_id": "org-VYPftvfAvLYPvUtC",
            "id": "org-VYPftvfAvLYPvUtC",
            "name": "axelzuberorg",
            "owners_team_saml_role_id": "",
            "send_passing_statuses_for_untriggered_speculative_plans": false,
            "two_factor_conformant": false
          },
          "sensitive_attributes": []
        }
      ]
    },
    {
      "mode": "managed",
      "type": "tfe_oauth_client",
      "name": "github",
      "provider": "provider[\"registry.terraform.io/hashicorp/tfe\"]",
      "instances": [
        {
          "schema_version": 0,
          "attributes": {
            "api_url": "https://api.github.com",
            "http_url": "https://github.com",
            "id": "oc-iotEvRpYsctBCdNg",
            "key": null,
            "name": "HashiCat Workshop",
            "oauth_token": "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",
            "oauth_token_id": "ot-zCKM942Mzg7x8dgu",
            "organization": "axelzuberorg",
            "private_key": null,
            "rsa_public_key": null,
            "secret": null,
            "service_provider": "github"
          },
          "sensitive_attributes": [],
          "private": "bnVsbA==",
          "dependencies": [
            "data.tfe_organization.org"
          ]
        }
      ]
    },
    {
      "mode": "managed",
      "type": "tfe_organization_membership",
      "name": "all_users",
      "provider": "provider[\"registry.terraform.io/hashicorp/tfe\"]",
      "instances": [
        {
          "index_key": "workshops+aisha@hashicorp.com",
          "schema_version": 0,
          "attributes": {
            "email": "workshops+aisha@hashicorp.com",
            "id": "ou-W2wS1yXiu7f66Emn",
            "organization": "axelzuberorg",
            "user_id": "user-FwNvdi7NXJSDueTs",
            "username": "demo-aisha"
          },
          "sensitive_attributes": [],
          "private": "bnVsbA==",
          "dependencies": [
            "data.tfe_organization.org"
          ]
        },
        {
          "index_key": "workshops+hiro@hashicorp.com",
          "schema_version": 0,
          "attributes": {
            "email": "workshops+hiro@hashicorp.com",
            "id": "ou-NRJqYMdwwE5sGyht",
            "organization": "axelzuberorg",
            "user_id": "user-ZVGobkrpCBhDuxtL",
            "username": "demo-hiro"
          },
          "sensitive_attributes": [],
          "private": "bnVsbA==",
          "dependencies": [
            "data.tfe_organization.org"
          ]
        },
        {
          "index_key": "workshops+lars@hashicorp.com",
          "schema_version": 0,
          "attributes": {
            "email": "workshops+lars@hashicorp.com",
            "id": "ou-1oLhymb1JfsTT4D5",
            "organization": "axelzuberorg",
            "user_id": "user-5pTuhaPQCJqU4JyG",
            "username": "demo-lars"
          },
          "sensitive_attributes": [],
          "private": "bnVsbA==",
          "dependencies": [
            "data.tfe_organization.org"
          ]
        }
      ]
    },
    {
      "mode": "managed",
      "type": "tfe_policy_set",
      "name": "test",
      "provider": "provider[\"registry.terraform.io/hashicorp/tfe\"]",
      "instances": [
        {
          "schema_version": 0,
          "attributes": {
            "description": "Policies for HashiCat Social",
            "global": false,
            "id": "polset-4RL3NT5pk2oZZrt8",
            "name": "Hashicat-Social",
            "organization": "axelzuberorg",
            "policies_path": "/policies",
            "policy_ids": [],
            "slug": null,
            "vcs_repo": [
              {
                "branch": "main",
                "identifier": "zubeax/hashicat-app",
                "ingress_submodules": false,
                "oauth_token_id": "ot-zCKM942Mzg7x8dgu"
              }
            ],
            "workspace_ids": [
              "ws-217MrqutVoeq3Upk"
            ]
          },
          "sensitive_attributes": [],
          "private": "bnVsbA==",
          "dependencies": [
            "data.tfe_organization.org",
            "tfe_oauth_client.github",
            "tfe_workspace.hashicat"
          ]
        }
      ]
    },
    {
      "mode": "managed",
      "type": "tfe_registry_module",
      "name": "google-cloud-storage",
      "provider": "provider[\"registry.terraform.io/hashicorp/tfe\"]",
      "instances": [
        {
          "schema_version": 0,
          "attributes": {
            "id": "mod-dUMWM2ShR5wXnqbL",
            "module_provider": "google",
            "name": "cloud-storage",
            "namespace": "axelzuberorg",
            "organization": "axelzuberorg",
            "registry_name": "private",
            "vcs_repo": [
              {
                "display_identifier": "zubeax/terraform-google-cloud-storage",
                "identifier": "zubeax/terraform-google-cloud-storage",
                "oauth_token_id": "ot-zCKM942Mzg7x8dgu"
              }
            ]
          },
          "sensitive_attributes": [],
          "private": "bnVsbA==",
          "dependencies": [
            "tfe_oauth_client.github"
          ]
        }
      ]
    },
    {
      "mode": "managed",
      "type": "tfe_team",
      "name": "admins",
      "provider": "provider[\"registry.terraform.io/hashicorp/tfe\"]",
      "instances": [
        {
          "schema_version": 0,
          "attributes": {
            "id": "team-Z42BC7E6jA975m5z",
            "name": "admins",
            "organization": "axelzuberorg",
            "organization_access": [
              {
                "manage_modules": true,
                "manage_policies": true,
                "manage_policy_overrides": true,
                "manage_providers": true,
                "manage_run_tasks": true,
                "manage_vcs_settings": true,
                "manage_workspaces": true
              }
            ],
            "sso_team_id": "",
            "visibility": "secret"
          },
          "sensitive_attributes": [],
          "private": "bnVsbA==",
          "dependencies": [
            "data.tfe_organization.org"
          ]
        }
      ]
    },
    {
      "mode": "managed",
      "type": "tfe_team",
      "name": "developers",
      "provider": "provider[\"registry.terraform.io/hashicorp/tfe\"]",
      "instances": [
        {
          "schema_version": 0,
          "attributes": {
            "id": "team-czmEXzb3DFG4x6kK",
            "name": "developers",
            "organization": "axelzuberorg",
            "organization_access": [
              {
                "manage_modules": false,
                "manage_policies": false,
                "manage_policy_overrides": false,
                "manage_providers": false,
                "manage_run_tasks": false,
                "manage_vcs_settings": false,
                "manage_workspaces": false
              }
            ],
            "sso_team_id": "",
            "visibility": "secret"
          },
          "sensitive_attributes": [],
          "private": "bnVsbA==",
          "dependencies": [
            "data.tfe_organization.org"
          ]
        }
      ]
    },
    {
      "mode": "managed",
      "type": "tfe_team",
      "name": "managers",
      "provider": "provider[\"registry.terraform.io/hashicorp/tfe\"]",
      "instances": [
        {
          "schema_version": 0,
          "attributes": {
            "id": "team-A1Q1awQpjWsUfrcE",
            "name": "managers",
            "organization": "axelzuberorg",
            "organization_access": [
              {
                "manage_modules": false,
                "manage_policies": false,
                "manage_policy_overrides": false,
                "manage_providers": false,
                "manage_run_tasks": false,
                "manage_vcs_settings": false,
                "manage_workspaces": false
              }
            ],
            "sso_team_id": "",
            "visibility": "secret"
          },
          "sensitive_attributes": [],
          "private": "bnVsbA==",
          "dependencies": [
            "data.tfe_organization.org"
          ]
        }
      ]
    },
    {
      "mode": "managed",
      "type": "tfe_team_access",
      "name": "admins",
      "provider": "provider[\"registry.terraform.io/hashicorp/tfe\"]",
      "instances": [
        {
          "schema_version": 1,
          "attributes": {
            "access": "admin",
            "id": "tws-Ap1bToy9P6m6KoTA",
            "permissions": [
              {
                "run_tasks": true,
                "runs": "apply",
                "sentinel_mocks": "read",
                "state_versions": "write",
                "variables": "write",
                "workspace_locking": true
              }
            ],
            "team_id": "team-Z42BC7E6jA975m5z",
            "workspace_id": "ws-217MrqutVoeq3Upk"
          },
          "sensitive_attributes": [],
          "private": "eyJzY2hlbWFfdmVyc2lvbiI6IjEifQ==",
          "dependencies": [
            "data.tfe_organization.org",
            "tfe_oauth_client.github",
            "tfe_team.admins",
            "tfe_workspace.hashicat"
          ]
        }
      ]
    },
    {
      "mode": "managed",
      "type": "tfe_team_access",
      "name": "developers",
      "provider": "provider[\"registry.terraform.io/hashicorp/tfe\"]",
      "instances": [
        {
          "schema_version": 1,
          "attributes": {
            "access": "write",
            "id": "tws-NwajeizdyD7AxrL7",
            "permissions": [
              {
                "run_tasks": false,
                "runs": "apply",
                "sentinel_mocks": "read",
                "state_versions": "write",
                "variables": "write",
                "workspace_locking": true
              }
            ],
            "team_id": "team-czmEXzb3DFG4x6kK",
            "workspace_id": "ws-217MrqutVoeq3Upk"
          },
          "sensitive_attributes": [],
          "private": "eyJzY2hlbWFfdmVyc2lvbiI6IjEifQ==",
          "dependencies": [
            "data.tfe_organization.org",
            "tfe_oauth_client.github",
            "tfe_team.developers",
            "tfe_workspace.hashicat"
          ]
        }
      ]
    },
    {
      "mode": "managed",
      "type": "tfe_team_access",
      "name": "managers",
      "provider": "provider[\"registry.terraform.io/hashicorp/tfe\"]",
      "instances": [
        {
          "schema_version": 1,
          "attributes": {
            "access": "read",
            "id": "tws-qwehDLtahTgRva8P",
            "permissions": [
              {
                "run_tasks": false,
                "runs": "read",
                "sentinel_mocks": "none",
                "state_versions": "read",
                "variables": "read",
                "workspace_locking": false
              }
            ],
            "team_id": "team-A1Q1awQpjWsUfrcE",
            "workspace_id": "ws-217MrqutVoeq3Upk"
          },
          "sensitive_attributes": [],
          "private": "eyJzY2hlbWFfdmVyc2lvbiI6IjEifQ==",
          "dependencies": [
            "data.tfe_organization.org",
            "tfe_oauth_client.github",
            "tfe_team.managers",
            "tfe_workspace.hashicat"
          ]
        }
      ]
    },
    {
      "mode": "managed",
      "type": "tfe_variable",
      "name": "google_cloud_credentials",
      "provider": "provider[\"registry.terraform.io/hashicorp/tfe\"]",
      "instances": [
        {
          "schema_version": 1,
          "attributes": {
            "category": "env",
            "description": "Google Credentials",
            "hcl": false,
            "id": "var-kPpxZ1XHAUDRjWRg",
            "key": "GOOGLE_CREDENTIALS",
            "sensitive": true,
            "value": "{\"type\":\"service_account\",\"project_id\":\"p-aju4vrgadlwe-0\",\"private_key_id\":\"661cf29b421d97d2af1145da7e960f31eae151a2\",\"private_key\":\"-----BEGIN PRIVATE KEY-----\\nMIIEvQIBADANBgkqhkiG9w0BAQEFAASCBKcwggSjAgEAAoIBAQDg4oVjbGHCtVnP\\n+h4Gj7N2VuARMv9uYifdGvc3y+7BHi/UM2jT40VtAQtQ6NvMRS0ySw+kWy190qU/\\n3iLKYoCWHOE3VuMkWQRs4kwDtH75ftdwRR2JhZUjc9eWooL1dEf2H9AZZVQMI/7l\\nG9Y5RpOVDpbCOTQ8srr2yRwuMsLazXzG8QKEAWDvkxlDe4k+PT1aKBAoiRgX+aXF\\nJx4XKRJgDLx8eDjf0dMDXDgv9OcnaDbVxs2Z//6fEouaAPSpynyvu2mkjR8DlrX5\\nMWaA5YFXeJdlVs94KuGglOK7tPBUl+ktVyH0MZjnWR9yL1p++EhJdG3+elX80H/c\\nXuP6nsKjAgMBAAECggEAA90xxgHy0BMet46BB0NfJc4WpOiz9JBwRiRjKkpYrctp\\nX76Ui9ZDBfhhULQzRbXMHin0eMXzEBQrCLiYeTVNdlCw34O0S5ZvXFarFRWF3tnn\\nA8FeugSUk6vobRnyNLkFdawFzZT7wAbiTwY/9fy/xJSWSN5ccwgVnirZsaWFLUlm\\nfiJ8nVKYLBWcdtYfPMwGBxjE52kAo1DXxFl9OWkNG6gcINFTvb3Pdms8IjvadsN9\\noIxh5Yw866ZwBFYI/tDwQBiOfokMKEYDu9NGTUvhLNZ6sN5F8XYTNumvWtbxTtEh\\n6n4nrLXP4+tiTgv3Xw/meDl83U/o4Tq+8u5HCLjpEQKBgQD+bAhNVfJM5h+KZw8x\\ncb1GYX584c5gT/E9JCwp7gMyI7i0tzTFeVbIzZXeyETTaPJg/N0JoUIiukahMfOv\\n37V8JQgosdEC+lwpmCcwoTzfauQtTSylIpWE/LV7Ky5zR4CZPyIc+CXW3kOekxA7\\n3Img9lX/mcE7wtWpj3VBFC/X+wKBgQDiR5cHK3nHlaDUuhWWhwzL9apumWEVVleO\\nUrw8RGaejIdsM1BekxaddJa+tWw943lmwfMo+l9R32GmTxpPGxltx1ImsiuKPU1u\\n6fudSZwBFelRkVyJj9SMUFuKR8wJsCZOq00YwjV8kOrRWy+5p6/L0+ghMk4szTR8\\n6GC3iRR3eQKBgQDr6X61Pymi1ouOiUuUPHQWa9aes77qnZYCbKUq6BE8j9T4dRzQ\\ns1eecMs0PZ1cLub4ud+3yziI/RL661eb0CL3j1sGaQN28HE+/F/yfr/0JqiXvQTV\\nxsDABJe/MuYqbLW448qc9BgaKhSnWJRn/XH8uA48KPT9lgcK6AQAqVhHuwKBgGF9\\njqhcJt/Cq8R7WAm+rdjCQ2fbVWSoCpkbNFaS8dOloEMR6LKWlMvKC5im+bfAZfHL\\n5kPle2P+5keNFTy35EDT+6UIZpHsz4vV675clIYzNo8aHdB205CQnp/5RwN1jUuf\\nqlvccMb2ePUyYGGQycD7z6tdzSioUNDwHZt1yAehAoGAdmaE0mRc7F0jzpzOodYm\\ns3uQm4fNsKd+rirv5iM1MUHXX83yyaUSkSy8lRN/cLoXQfOrJT1uwZMMIdMze6OT\\nRXSCeaOhRozTlgwtxwDFMmaD9CpkqUiGOqugx2BxEnatSJlcw/ukZXUjek342eix\\nndvaPi6vTwb6LWH6vcazjeY=\\n-----END PRIVATE KEY-----\\n\",\"client_email\":\"service-account@p-aju4vrgadlwe-0.iam.gserviceaccount.com\",\"client_id\":\"104417329813259810618\",\"auth_uri\":\"https://accounts.google.com/o/oauth2/auth\",\"token_uri\":\"https://oauth2.googleapis.com/token\",\"auth_provider_x509_cert_url\":\"https://www.googleapis.com/oauth2/v1/certs\",\"client_x509_cert_url\":\"https://www.googleapis.com/robot/v1/metadata/x509/service-account%40p-aju4vrgadlwe-0.iam.gserviceaccount.com\",\"universe_domain\":\"googleapis.com\"}",
            "variable_set_id": "varset-n2zUonZbtm2RyveU",
            "workspace_id": null
          },
          "sensitive_attributes": [
            [
              {
                "type": "get_attr",
                "value": "value"
              }
            ]
          ],
          "private": "eyJzY2hlbWFfdmVyc2lvbiI6IjEifQ==",
          "dependencies": [
            "data.tfe_organization.org",
            "tfe_variable_set.hashicat"
          ]
        }
      ]
    },
    {
      "mode": "managed",
      "type": "tfe_variable",
      "name": "google_cloud_project",
      "provider": "provider[\"registry.terraform.io/hashicorp/tfe\"]",
      "instances": [
        {
          "schema_version": 1,
          "attributes": {
            "category": "terraform",
            "description": "Google Cloud project ID",
            "hcl": false,
            "id": "var-Zepc4n9KBUy3acLU",
            "key": "project",
            "sensitive": false,
            "value": "p-aju4vrgadlwe-0",
            "variable_set_id": "varset-n2zUonZbtm2RyveU",
            "workspace_id": null
          },
          "sensitive_attributes": [],
          "private": "eyJzY2hlbWFfdmVyc2lvbiI6IjEifQ==",
          "dependencies": [
            "data.tfe_organization.org",
            "tfe_variable_set.hashicat"
          ]
        }
      ]
    },
    {
      "mode": "managed",
      "type": "tfe_variable",
      "name": "prefix",
      "provider": "provider[\"registry.terraform.io/hashicorp/tfe\"]",
      "instances": [
        {
          "schema_version": 1,
          "attributes": {
            "category": "terraform",
            "description": "Hashicat deployment prefix",
            "hcl": false,
            "id": "var-bYZXjXD9zQt7ZM1K",
            "key": "prefix",
            "sensitive": false,
            "value": "axelzuber",
            "variable_set_id": null,
            "workspace_id": "ws-217MrqutVoeq3Upk"
          },
          "sensitive_attributes": [],
          "private": "eyJzY2hlbWFfdmVyc2lvbiI6IjEifQ==",
          "dependencies": [
            "data.tfe_organization.org",
            "tfe_oauth_client.github",
            "tfe_workspace.hashicat"
          ]
        }
      ]
    },
    {
      "mode": "managed",
      "type": "tfe_variable",
      "name": "region",
      "provider": "provider[\"registry.terraform.io/hashicorp/tfe\"]",
      "instances": [
        {
          "schema_version": 1,
          "attributes": {
            "category": "terraform",
            "description": "Cloud region",
            "hcl": false,
            "id": "var-mku6z4hZntbF98xP",
            "key": "region",
            "sensitive": false,
            "value": "us-east1",
            "variable_set_id": null,
            "workspace_id": "ws-217MrqutVoeq3Upk"
          },
          "sensitive_attributes": [],
          "private": "eyJzY2hlbWFfdmVyc2lvbiI6IjEifQ==",
          "dependencies": [
            "data.tfe_organization.org",
            "tfe_oauth_client.github",
            "tfe_workspace.hashicat"
          ]
        }
      ]
    },
    {
      "mode": "managed",
      "type": "tfe_variable_set",
      "name": "hashicat",
      "provider": "provider[\"registry.terraform.io/hashicorp/tfe\"]",
      "instances": [
        {
          "schema_version": 0,
          "attributes": {
            "description": "Dedicated Principal Account for Terraform Deployments",
            "global": false,
            "id": "varset-n2zUonZbtm2RyveU",
            "name": "Cloud Credentials",
            "organization": "axelzuberorg",
            "workspace_ids": [
              "ws-217MrqutVoeq3Upk"
            ]
          },
          "sensitive_attributes": [],
          "private": "bnVsbA==",
          "dependencies": [
            "data.tfe_organization.org"
          ]
        }
      ]
    },
    {
      "mode": "managed",
      "type": "tfe_workspace",
      "name": "hashicat",
      "provider": "provider[\"registry.terraform.io/hashicorp/tfe\"]",
      "instances": [
        {
          "schema_version": 1,
          "attributes": {
            "agent_pool_id": "",
            "allow_destroy_plan": true,
            "assessments_enabled": false,
            "auto_apply": true,
            "description": "",
            "execution_mode": "remote",
            "file_triggers_enabled": true,
            "global_remote_state": false,
            "id": "ws-217MrqutVoeq3Upk",
            "name": "hashicat-gcp",
            "operations": true,
            "organization": "axelzuberorg",
            "queue_all_runs": true,
            "remote_state_consumer_ids": [],
            "speculative_enabled": true,
            "ssh_key_id": "",
            "structured_run_output_enabled": true,
            "tag_names": [
              "gcp",
              "hashicat"
            ],
            "terraform_version": "1.6.4",
            "trigger_patterns": [],
            "trigger_prefixes": [],
            "vcs_repo": [
              {
                "branch": "",
                "identifier": "zubeax/hashicat-app",
                "ingress_submodules": false,
                "oauth_token_id": "ot-zCKM942Mzg7x8dgu",
                "tags_regex": ""
              }
            ],
            "working_directory": ""
          },
          "sensitive_attributes": [],
          "private": "eyJzY2hlbWFfdmVyc2lvbiI6IjEifQ==",
          "dependencies": [
            "data.tfe_organization.org",
            "tfe_oauth_client.github"
          ]
        }
      ]
    },
    {
      "mode": "managed",
      "type": "tfe_workspace_variable_set",
      "name": "hashicat",
      "provider": "provider[\"registry.terraform.io/hashicorp/tfe\"]",
      "instances": [
        {
          "schema_version": 0,
          "attributes": {
            "id": "ws-217MrqutVoeq3Upk_varset-n2zUonZbtm2RyveU",
            "variable_set_id": "varset-n2zUonZbtm2RyveU",
            "workspace_id": "ws-217MrqutVoeq3Upk"
          },
          "sensitive_attributes": [],
          "private": "bnVsbA==",
          "dependencies": [
            "data.tfe_organization.org",
            "tfe_oauth_client.github",
            "tfe_variable_set.hashicat",
            "tfe_workspace.hashicat"
          ]
        }
      ]
    }
  ],
  "check_results": null
}
